<?xml version="1.0" encoding="utf-8"?>
<Project ToolsVersion="4.0" xmlns="http://schemas.microsoft.com/developer/msbuild/2003">
  <ItemGroup>
    <ClCompile Include="MeshPrimitives.cpp" />
    <ClCompile Include="Geometry.cpp" />
    <ClCompile Include="fbxImporter.cpp" />
    <ClCompile Include="TextureImporter.cpp" />
    <ClCompile Include="NormalMapIdentification.cpp" />
    <ClCompile Include="ContentTools.cpp" />
    <ClCompile Include="assimpImporter.cpp" />
  </ItemGroup>
  <ItemGroup>
    <ClInclude Include="ToolsCommon.h" />
    <ClInclude Include="MeshPrimitives.h" />
    <ClInclude Include="Geometry.h" />
    <ClInclude Include="fbxImporter.h" />
    <ClInclude Include="assimpImporter.h" />
  </ItemGroup>
  <ItemGroup>
    <None Include="packages.config" />
    <None Include="assimp-vc143-mtd.dll" />
  </ItemGroup>
</Project>